
Microsoft Visual Studio Solution File, Format Version 12.00
# Visual Studio Version 17
VisualStudioVersion = 17.11.35303.130
MinimumVisualStudioVersion = 10.0.40219.1
Project("{2150E333-8FDC-42A3-9474-1A3956D46DE8}") = "Task0", "Task0", "{490EF486-3CAC-4A0D-AE95-4B496D5D1D89}"
EndProject
Project("{FAE04EC0-301F-11D3-BF4B-00C04F79EFBC}") = "Tyuiu.NefedovIS.Sprint1.Task0.V30", "Tyuiu.NefedovIS.Sprint1.Task0.V30\Tyuiu.NefedovIS.Sprint1.Task0.V30.csproj", "{3B971293-7C4F-41D2-BC6F-C8E47DF0D134}"
EndProject
Project("{FAE04EC0-301F-11D3-BF4B-00C04F79EFBC}") = "Tyuiu.NefedovIS.Sprint1.Task0.V30.Lib", "Tyuiu.NefedovIS.Sprint1.Task0.V30.Lib\Tyuiu.NefedovIS.Sprint1.Task0.V30.Lib.csproj", "{6B9E0FFE-457B-4E4D-9C01-59E745218A11}"
EndProject
Project("{FAE04EC0-301F-11D3-BF4B-00C04F79EFBC}") = "Tyuiu.NefedovIS.Sprint1.Task0.V30.Test", "Tyuiu.NefedovIS.Sprint1.Task0.V30.Test\Tyuiu.NefedovIS.Sprint1.Task0.V30.Test.csproj", "{4A52872B-6413-4DE1-8ACE-E4EB4651BFF3}"
EndProject
Project("{2150E333-8FDC-42A3-9474-1A3956D46DE8}") = "Task1", "Task1", "{175FF49A-D787-4A16-B52C-06875256721B}"
EndProject
Project("{FAE04EC0-301F-11D3-BF4B-00C04F79EFBC}") = "Tyuiu.NefedovIS.Sprint1.Task1.V8", "Tyuiu.NefedovIS.Sprint1.Task1.V8\Tyuiu.NefedovIS.Sprint1.Task1.V8.csproj", "{2D94F2C5-2AB6-4BA4-9849-A90301C99305}"
EndProject
Project("{FAE04EC0-301F-11D3-BF4B-00C04F79EFBC}") = "Tyuiu.NefedovIS.Sprint1.Task1.V8.Lib", "Tyuiu.NefedovIS.Sprint1.Task1.V8.Lib\Tyuiu.NefedovIS.Sprint1.Task1.V8.Lib.csproj", "{C4950E66-7904-4A3E-84A5-AB69611E3ED5}"
EndProject
Project("{FAE04EC0-301F-11D3-BF4B-00C04F79EFBC}") = "Tyuiu.NefedovIS.Sprint1.Task1.V8.Test", "Tyuiu.NefedovIS.Sprint1.Task1.V8.Test\Tyuiu.NefedovIS.Sprint1.Task1.V8.Test.csproj", "{55FABC5A-3907-45B9-992E-C7495E5C2CA3}"
EndProject
Project("{2150E333-8FDC-42A3-9474-1A3956D46DE8}") = "Task2", "Task2", "{C699C0DF-E7A5-4EA3-8F5C-B368432FEFE5}"
EndProject
Project("{FAE04EC0-301F-11D3-BF4B-00C04F79EFBC}") = "Tyuiu.NefedovIS.Sprint1.Task2.V6", "Tyuiu.NefedovIS.Sprint1.Task2.V6\Tyuiu.NefedovIS.Sprint1.Task2.V6.csproj", "{45C03D6D-ACA0-4C64-8210-02B68C2EADB2}"
EndProject
Project("{FAE04EC0-301F-11D3-BF4B-00C04F79EFBC}") = "Tyuiu.NefedovIS.Sprint1.Task2.V6.Lib", "Tyuiu.NefedovIS.Sprint1.Task2.V6.Lib\Tyuiu.NefedovIS.Sprint1.Task2.V6.Lib.csproj", "{8E4F36BD-64E1-4785-B903-F9CB432B3361}"
EndProject
Project("{FAE04EC0-301F-11D3-BF4B-00C04F79EFBC}") = "Tyuiu.NefedovIS.Sprint1.Task2.V6.Test", "Tyuiu.NefedovIS.Sprint1.Task2.V6.Test\Tyuiu.NefedovIS.Sprint1.Task2.V6.Test.csproj", "{013C9142-4E6B-4C42-816E-74E38C74A8A0}"
EndProject
Project("{2150E333-8FDC-42A3-9474-1A3956D46DE8}") = "Task3", "Task3", "{EF829A53-5970-48F1-94ED-F969FF6E7BAD}"
EndProject
Project("{FAE04EC0-301F-11D3-BF4B-00C04F79EFBC}") = "Tyuiu.NefedovIS.Sprint1.Task3.V11", "Tyuiu.NefedovIS.Sprint1.Task3.V11\Tyuiu.NefedovIS.Sprint1.Task3.V11.csproj", "{4BECC81F-AA92-4082-B164-4F03B9A3C33D}"
EndProject
Project("{FAE04EC0-301F-11D3-BF4B-00C04F79EFBC}") = "Tyuiu.NefedovIS.Sprint1.Task3.V11.Lib", "Tyuiu.NefedovIS.Sprint1.Task3.V11.Lib\Tyuiu.NefedovIS.Sprint1.Task3.V11.Lib.csproj", "{24DDA885-2E46-4286-BAF5-02FBA104FA1D}"
EndProject
Project("{FAE04EC0-301F-11D3-BF4B-00C04F79EFBC}") = "Tyuiu.NefedovIS.Sprint1.Task3.V11.Test", "Tyuiu.NefedovIS.Sprint1.Task3.V11.Test\Tyuiu.NefedovIS.Sprint1.Task3.V11.Test.csproj", "{33A79827-9FAF-4E48-82EF-B66E65193367}"
EndProject
Global
	GlobalSection(SolutionConfigurationPlatforms) = preSolution
		Debug|Any CPU = Debug|Any CPU
		Release|Any CPU = Release|Any CPU
	EndGlobalSection
	GlobalSection(ProjectConfigurationPlatforms) = postSolution
		{3B971293-7C4F-41D2-BC6F-C8E47DF0D134}.Debug|Any CPU.ActiveCfg = Debug|Any CPU
		{3B971293-7C4F-41D2-BC6F-C8E47DF0D134}.Debug|Any CPU.Build.0 = Debug|Any CPU
		{3B971293-7C4F-41D2-BC6F-C8E47DF0D134}.Release|Any CPU.ActiveCfg = Release|Any CPU
		{3B971293-7C4F-41D2-BC6F-C8E47DF0D134}.Release|Any CPU.Build.0 = Release|Any CPU
		{6B9E0FFE-457B-4E4D-9C01-59E745218A11}.Debug|Any CPU.ActiveCfg = Debug|Any CPU
		{6B9E0FFE-457B-4E4D-9C01-59E745218A11}.Debug|Any CPU.Build.0 = Debug|Any CPU
		{6B9E0FFE-457B-4E4D-9C01-59E745218A11}.Release|Any CPU.ActiveCfg = Release|Any CPU
		{6B9E0FFE-457B-4E4D-9C01-59E745218A11}.Release|Any CPU.Build.0 = Release|Any CPU
		{4A52872B-6413-4DE1-8ACE-E4EB4651BFF3}.Debug|Any CPU.ActiveCfg = Debug|Any CPU
		{4A52872B-6413-4DE1-8ACE-E4EB4651BFF3}.Debug|Any CPU.Build.0 = Debug|Any CPU
		{4A52872B-6413-4DE1-8ACE-E4EB4651BFF3}.Release|Any CPU.ActiveCfg = Release|Any CPU
		{4A52872B-6413-4DE1-8ACE-E4EB4651BFF3}.Release|Any CPU.Build.0 = Release|Any CPU
		{2D94F2C5-2AB6-4BA4-9849-A90301C99305}.Debug|Any CPU.ActiveCfg = Debug|Any CPU
		{2D94F2C5-2AB6-4BA4-9849-A90301C99305}.Debug|Any CPU.Build.0 = Debug|Any CPU
		{2D94F2C5-2AB6-4BA4-9849-A90301C99305}.Release|Any CPU.ActiveCfg = Release|Any CPU
		{2D94F2C5-2AB6-4BA4-9849-A90301C99305}.Release|Any CPU.Build.0 = Release|Any CPU
		{C4950E66-7904-4A3E-84A5-AB69611E3ED5}.Debug|Any CPU.ActiveCfg = Debug|Any CPU
		{C4950E66-7904-4A3E-84A5-AB69611E3ED5}.Debug|Any CPU.Build.0 = Debug|Any CPU
		{C4950E66-7904-4A3E-84A5-AB69611E3ED5}.Release|Any CPU.ActiveCfg = Release|Any CPU
		{C4950E66-7904-4A3E-84A5-AB69611E3ED5}.Release|Any CPU.Build.0 = Release|Any CPU
		{55FABC5A-3907-45B9-992E-C7495E5C2CA3}.Debug|Any CPU.ActiveCfg = Debug|Any CPU
		{55FABC5A-3907-45B9-992E-C7495E5C2CA3}.Debug|Any CPU.Build.0 = Debug|Any CPU
		{55FABC5A-3907-45B9-992E-C7495E5C2CA3}.Release|Any CPU.ActiveCfg = Release|Any CPU
		{55FABC5A-3907-45B9-992E-C7495E5C2CA3}.Release|Any CPU.Build.0 = Release|Any CPU
		{45C03D6D-ACA0-4C64-8210-02B68C2EADB2}.Debug|Any CPU.ActiveCfg = Debug|Any CPU
		{45C03D6D-ACA0-4C64-8210-02B68C2EADB2}.Debug|Any CPU.Build.0 = Debug|Any CPU
		{45C03D6D-ACA0-4C64-8210-02B68C2EADB2}.Release|Any CPU.ActiveCfg = Release|Any CPU
		{45C03D6D-ACA0-4C64-8210-02B68C2EADB2}.Release|Any CPU.Build.0 = Release|Any CPU
		{8E4F36BD-64E1-4785-B903-F9CB432B3361}.Debug|Any CPU.ActiveCfg = Debug|Any CPU
		{8E4F36BD-64E1-4785-B903-F9CB432B3361}.Debug|Any CPU.Build.0 = Debug|Any CPU
		{8E4F36BD-64E1-4785-B903-F9CB432B3361}.Release|Any CPU.ActiveCfg = Release|Any CPU
		{8E4F36BD-64E1-4785-B903-F9CB432B3361}.Release|Any CPU.Build.0 = Release|Any CPU
		{013C9142-4E6B-4C42-816E-74E38C74A8A0}.Debug|Any CPU.ActiveCfg = Debug|Any CPU
		{013C9142-4E6B-4C42-816E-74E38C74A8A0}.Debug|Any CPU.Build.0 = Debug|Any CPU
		{013C9142-4E6B-4C42-816E-74E38C74A8A0}.Release|Any CPU.ActiveCfg = Release|Any CPU
		{013C9142-4E6B-4C42-816E-74E38C74A8A0}.Release|Any CPU.Build.0 = Release|Any CPU
		{4BECC81F-AA92-4082-B164-4F03B9A3C33D}.Debug|Any CPU.ActiveCfg = Debug|Any CPU
		{4BECC81F-AA92-4082-B164-4F03B9A3C33D}.Debug|Any CPU.Build.0 = Debug|Any CPU
		{4BECC81F-AA92-4082-B164-4F03B9A3C33D}.Release|Any CPU.ActiveCfg = Release|Any CPU
		{4BECC81F-AA92-4082-B164-4F03B9A3C33D}.Release|Any CPU.Build.0 = Release|Any CPU
		{24DDA885-2E46-4286-BAF5-02FBA104FA1D}.Debug|Any CPU.ActiveCfg = Debug|Any CPU
		{24DDA885-2E46-4286-BAF5-02FBA104FA1D}.Debug|Any CPU.Build.0 = Debug|Any CPU
		{24DDA885-2E46-4286-BAF5-02FBA104FA1D}.Release|Any CPU.ActiveCfg = Release|Any CPU
		{24DDA885-2E46-4286-BAF5-02FBA104FA1D}.Release|Any CPU.Build.0 = Release|Any CPU
		{33A79827-9FAF-4E48-82EF-B66E65193367}.Debug|Any CPU.ActiveCfg = Debug|Any CPU
		{33A79827-9FAF-4E48-82EF-B66E65193367}.Debug|Any CPU.Build.0 = Debug|Any CPU
		{33A79827-9FAF-4E48-82EF-B66E65193367}.Release|Any CPU.ActiveCfg = Release|Any CPU
		{33A79827-9FAF-4E48-82EF-B66E65193367}.Release|Any CPU.Build.0 = Release|Any CPU
	EndGlobalSection
	GlobalSection(SolutionProperties) = preSolution
		HideSolutionNode = FALSE
	EndGlobalSection
	GlobalSection(NestedProjects) = preSolution
		{3B971293-7C4F-41D2-BC6F-C8E47DF0D134} = {490EF486-3CAC-4A0D-AE95-4B496D5D1D89}
		{6B9E0FFE-457B-4E4D-9C01-59E745218A11} = {490EF486-3CAC-4A0D-AE95-4B496D5D1D89}
		{4A52872B-6413-4DE1-8ACE-E4EB4651BFF3} = {490EF486-3CAC-4A0D-AE95-4B496D5D1D89}
		{2D94F2C5-2AB6-4BA4-9849-A90301C99305} = {175FF49A-D787-4A16-B52C-06875256721B}
		{C4950E66-7904-4A3E-84A5-AB69611E3ED5} = {175FF49A-D787-4A16-B52C-06875256721B}
		{55FABC5A-3907-45B9-992E-C7495E5C2CA3} = {175FF49A-D787-4A16-B52C-06875256721B}
		{45C03D6D-ACA0-4C64-8210-02B68C2EADB2} = {C699C0DF-E7A5-4EA3-8F5C-B368432FEFE5}
		{8E4F36BD-64E1-4785-B903-F9CB432B3361} = {C699C0DF-E7A5-4EA3-8F5C-B368432FEFE5}
		{013C9142-4E6B-4C42-816E-74E38C74A8A0} = {C699C0DF-E7A5-4EA3-8F5C-B368432FEFE5}
		{4BECC81F-AA92-4082-B164-4F03B9A3C33D} = {EF829A53-5970-48F1-94ED-F969FF6E7BAD}
		{24DDA885-2E46-4286-BAF5-02FBA104FA1D} = {EF829A53-5970-48F1-94ED-F969FF6E7BAD}
		{33A79827-9FAF-4E48-82EF-B66E65193367} = {EF829A53-5970-48F1-94ED-F969FF6E7BAD}
	EndGlobalSection
	GlobalSection(ExtensibilityGlobals) = postSolution
		SolutionGuid = {65F86598-EF8C-42E9-BD8C-19488BB3E6F5}
	EndGlobalSection
EndGlobal
